
Microsoft Visual Studio Solution File, Format Version 12.00
# Visual Studio 15
VisualStudioVersion = 15.0.27130.2036
MinimumVisualStudioVersion = 10.0.40219.1
Project("{FAE04EC0-301F-11D3-BF4B-00C04F79EFBC}") = "LogicaTabla", "LogicaTabla\LogicaTabla.csproj", "{315AAE91-F959-4378-AC15-92275AD72D24}"
EndProject
Global
	GlobalSection(SolutionConfigurationPlatforms) = preSolution
		Debug|Any CPU = Debug|Any CPU
		Release|Any CPU = Release|Any CPU
	EndGlobalSection
	GlobalSection(ProjectConfigurationPlatforms) = postSolution
		{315AAE91-F959-4378-AC15-92275AD72D24}.Debug|Any CPU.ActiveCfg = Debug|Any CPU
		{315AAE91-F959-4378-AC15-92275AD72D24}.Debug|Any CPU.Build.0 = Debug|Any CPU
		{315AAE91-F959-4378-AC15-92275AD72D24}.Release|Any CPU.ActiveCfg = Release|Any CPU
		{315AAE91-F959-4378-AC15-92275AD72D24}.Release|Any CPU.Build.0 = Release|Any CPU
	EndGlobalSection
	GlobalSection(SolutionProperties) = preSolution
		HideSolutionNode = FALSE
	EndGlobalSection
	GlobalSection(ExtensibilityGlobals) = postSolution
		SolutionGuid = {319BCC86-D54E-4871-8B63-C51CA741F81A}
	EndGlobalSection
EndGlobal
